
Microsoft Visual Studio Solution File, Format Version 12.00
# Visual Studio Version 16
VisualStudioVersion = 16.0.30002.166
MinimumVisualStudioVersion = 10.0.40219.1
Project("{FAE04EC0-301F-11D3-BF4B-00C04F79EFBC}") = "ANNProductSync", "ANNProductSync.csproj", "{E290D4B2-F94C-4934-A1D5-3D041C41853F}"
EndProject
Global
	GlobalSection(SolutionConfigurationPlatforms) = preSolution
		Debug|Any CPU = Debug|Any CPU
		Release|Any CPU = Release|Any CPU
	EndGlobalSection
	GlobalSection(ProjectConfigurationPlatforms) = postSolution
		{E290D4B2-F94C-4934-A1D5-3D041C41853F}.Debug|Any CPU.ActiveCfg = Debug|Any CPU
		{E290D4B2-F94C-4934-A1D5-3D041C41853F}.Debug|Any CPU.Build.0 = Debug|Any CPU
		{E290D4B2-F94C-4934-A1D5-3D041C41853F}.Release|Any CPU.ActiveCfg = Release|Any CPU
		{E290D4B2-F94C-4934-A1D5-3D041C41853F}.Release|Any CPU.Build.0 = Release|Any CPU
	EndGlobalSection
	GlobalSection(SolutionProperties) = preSolution
		HideSolutionNode = FALSE
	EndGlobalSection
	GlobalSection(ExtensibilityGlobals) = postSolution
		SolutionGuid = {B8957A55-673E-4619-AAB1-C8FEF93C01C0}
	EndGlobalSection
EndGlobal
